{
  "lockfileVersion": 1,
  "configVersion": 1,
  "workspaces": {
    "": {
      "name": "mosaic",
      "devDependencies": {
        "dprint": "^0.57.4",
        "runner-run": "^0.26.1",
        "tombi": "^1.5.2",
      },
    },
    ".opencode": {
      "name": "opencode",
      "dependencies": {
        "@octokit/graphql": "catalog:",
        "@opencode-ai/plugin": "1.15.13",
        "@types/bun": "catalog:",
        "typescript": "catalog:",
      },
    },
    "crates/tree-sitter-mosaic": {
      "name": "tree-sitter-mosaic",
      "version": "0.0.0",
      "dependencies": {
        "node-addon-api": "^8.7.0",
        "node-gyp-build": "^4.8.4",
      },
      "devDependencies": {
        "@types/node": "catalog:",
        "node-gyp": "^13.0.0",
        "tree-sitter": "^0.25.1",
        "tree-sitter-cli": "catalog:",
        "typescript": "catalog:",
      },
    },
  },
  "catalog": {
    "@octokit/graphql": "^9.0.5",
    "@types/bun": "1.4.2",
    "@types/node": "26.5.0",
    "tree-sitter-cli": "^0.27.0",
    "typescript": "^7",
  },
  "packages": {
    "@dprint/android-arm64": ["@dprint/android-arm64@0.57.4", "", { "os": "android", "cpu": "arm64" }, "sha512-vpafWVSNbB5ShCThZC3O5xOPsdxc2oeLedFVCsscSRf/iR6WZ62ROU2AGcxsJyE2y4/vxivejenbNYjWxL24sQ=="],

    "@dprint/android-x64": ["@dprint/android-x64@0.57.4", "", { "os": "android", "cpu": "x64" }, "sha512-Zv2I12Zs9IK8yv1wdXGWluUram9h8Acy3NuF/7WzsxIfdlmnWzUGxoc4Z0dno6aJpv0ViXybkIHPvDKrQnvxVA=="],

    "@dprint/darwin-arm64": ["@dprint/darwin-arm64@0.57.4", "", { "os": "darwin", "cpu": "arm64" }, "sha512-2V1BzlP+5aLxMaq77MUn2EdRX+UtOq34QjyMwpq1wQkR5MAT2cglJro4Eh1tsI+btjt3FMsX4/PLvz6eUSLl3g=="],

    "@dprint/darwin-x64": ["@dprint/darwin-x64@0.57.4", "", { "os": "darwin", "cpu": "x64" }, "sha512-dQfzBLBQro1O+CxIkIVc9LJqgYsWCKXTf+3QA0Gq/NjW6KPBwlbiCquew3UOeWwGEvarNSA0/Rvz5J8HnykTPA=="],

    "@dprint/linux-arm64-glibc": ["@dprint/linux-arm64-glibc@0.57.4", "", { "os": "linux", "cpu": "arm64" }, "sha512-zFCgx2E2szEnMgtBCKiI/G5vV5mi7rnTVDMB2FrIa6JheqF8pgfrx6m3HWzIed74cFM3/KCH0LmIfCNZT5vRfw=="],

    "@dprint/linux-arm64-musl": ["@dprint/linux-arm64-musl@0.57.4", "", { "os": "linux", "cpu": "arm64" }, "sha512-8DV33dU5c5vp/TJJp4Dy/4HYc4r5KidlMJgoiG0S9JMygVGjhrXRNiI/C7M9hLgsamqeLYt4MWfEGKvtgOwoew=="],

    "@dprint/linux-loong64-glibc": ["@dprint/linux-loong64-glibc@0.57.4", "", { "os": "linux", "cpu": "none" }, "sha512-166HbqGPMiKjCUuaiG6xyKrw8EKFF6vPBcmwFWUYHpZE6ipVVxt1Zen9957FXoxqyA5aspmK72eQGm72dQI2Yg=="],

    "@dprint/linux-loong64-musl": ["@dprint/linux-loong64-musl@0.57.4", "", { "os": "linux", "cpu": "none" }, "sha512-TTNKhwDj4qCWSiP20pdktb/mF0MfjVnXEcCXAd37ll6lx+ri4M5aQKyeyFL1pVGU9msjQv++UTU7MGF9uKfOzA=="],

    "@dprint/linux-ppc64-glibc": ["@dprint/linux-ppc64-glibc@0.57.4", "", { "os": "linux", "cpu": "ppc64" }, "sha512-kQGTaEoZIk+aHtEltz+nBQ54dhJ3dSxN4jxBOnK2wYCTaMkRnGxfF9Uwc29u/BL3Fw6ieDOJCSHy2VWFZdyctA=="],

    "@dprint/linux-ppc64-musl": ["@dprint/linux-ppc64-musl@0.57.4", "", { "os": "linux", "cpu": "ppc64" }, "sha512-NuhwpDFzyBovfpI3M47eBUju8eCxR7tfrMpPBWXyl9YgX0JeBZt6clOV/fwJ2P3DE/ARD9xoyQSGgHzDoSFlOQ=="],

    "@dprint/linux-riscv64-glibc": ["@dprint/linux-riscv64-glibc@0.57.4", "", { "os": "linux", "cpu": "none" }, "sha512-pWBdHK8SKt9IGldbuZGbec37RyQqP4zqsWfpq7iyH+m33f7Aagus5ktvKF85KYfLTewIg+ev3vlxryB9iHBiNA=="],

    "@dprint/linux-x64-glibc": ["@dprint/linux-x64-glibc@0.57.4", "", { "os": "linux", "cpu": "x64" }, "sha512-BYrSdjYo+nfUgXqgIbZZQnHvpM6UP7Dipfsuzxs0JmuHZRRkJIPjDdj/Qpbn/5Qv1gC4eV0cZsxRu8B634wkig=="],

    "@dprint/linux-x64-musl": ["@dprint/linux-x64-musl@0.57.4", "", { "os": "linux", "cpu": "x64" }, "sha512-pBRF5Kfv59FLtWYWWKpDLOv2+uTIr/XG2oMuRBiXXZom0b506aMm3zKCZ7z5ELeIYutPpASfkDbHcsyTY0ky6w=="],

    "@dprint/win32-arm64": ["@dprint/win32-arm64@0.57.4", "", { "os": "win32", "cpu": "arm64" }, "sha512-bGEtcSjl6T4xjwr9nUF5kgd3174NP7yb338+Ulqq5DMYcSN4ibI62eVQKBTuyLWByz56aVOL06dj8pKTUzn+yQ=="],

    "@dprint/win32-x64": ["@dprint/win32-x64@0.57.4", "", { "os": "win32", "cpu": "x64" }, "sha512-P91JJG2sDvK+SvZHdqjKygy7fYABbMH1KYop+WCowyjZUin09977qltdXwJ1vb77Cbi2OD0GWUuAlqO0PjNmaw=="],

    "@isaacs/fs-minipass": ["@isaacs/fs-minipass@4.0.1", "", { "dependencies": { "minipass": "^7.0.4" } }, "sha512-wgm9Ehl2jpeqP3zw/7mo3kRHFp5MEDhqAdwy1fTGkHAwnkGOVsgpvQhL8B5n1qlb01jV3n/bI0ZfZp5lWA1k4w=="],

    "@msgpackr-extract/msgpackr-extract-darwin-arm64": ["@msgpackr-extract/msgpackr-extract-darwin-arm64@3.0.4", "", { "os": "darwin", "cpu": "arm64" }, "sha512-LCkGo6JDfaBhgST7UpPWgNgLINpcpabaHfyz5OBx75nUYxBsaEPxjnyNjWpeb/xBup/682QnBfRBy2/LvPutZQ=="],

    "@msgpackr-extract/msgpackr-extract-darwin-x64": ["@msgpackr-extract/msgpackr-extract-darwin-x64@3.0.4", "", { "os": "darwin", "cpu": "x64" }, "sha512-zExlW9zUJKZH/tOtVMttwjKa4Xm/3KcNjnE3dPN92uCktwavMxpgCA3MoJK/DOnTWsQgo224OaST27/mPNAf+w=="],

    "@msgpackr-extract/msgpackr-extract-linux-arm": ["@msgpackr-extract/msgpackr-extract-linux-arm@3.0.4", "", { "os": "linux", "cpu": "arm" }, "sha512-Tg3yX65f5GbtXLkrYEHE5oibZG9epyYWas7FogTTEJeDEF9JlXJzKgXaNhT3UXlTOeA+AfZpYZYZ0uPj7Cfquw=="],

    "@msgpackr-extract/msgpackr-extract-linux-arm64": ["@msgpackr-extract/msgpackr-extract-linux-arm64@3.0.4", "", { "os": "linux", "cpu": "arm64" }, "sha512-dgX0P/9wGPJeHFBG+ZmhgE6bmtMt7NP5CRBGyyktpopdk/mW4POnrpQsSLtKI1dwpc+pPLuXHDh6vvskyQE/sw=="],

    "@msgpackr-extract/msgpackr-extract-linux-x64": ["@msgpackr-extract/msgpackr-extract-linux-x64@3.0.4", "", { "os": "linux", "cpu": "x64" }, "sha512-8TNXMEjJc3QEy7R/x1INhgiU+XakDAFUzBhaz7+Rbrs8NH5UQeHQxxmzsSBJGyV6I1jW79undiQm8tOI+D+8FQ=="],

    "@msgpackr-extract/msgpackr-extract-win32-x64": ["@msgpackr-extract/msgpackr-extract-win32-x64@3.0.4", "", { "os": "win32", "cpu": "x64" }, "sha512-CmCXPQrkbwExx3j946/PtHWHbYJiCRBRDl4BlkRQcJB/YOwQxJRTpoo7aTsortjgoJ1x7opzTSxn7C+ASSLVjQ=="],

    "@octokit/endpoint": ["@octokit/endpoint@11.0.5", "", { "dependencies": { "@octokit/types": "^18.0.0", "universal-user-agent": "^7.0.2" } }, "sha512-iXa654H3yFafF/ieHkukfbgWo2rmXD2ceD0ZOtrPhw1bc3FDch1d9N/TNs0FQ1/cIbwb7kspUX8jzIs8nzb9DQ=="],

    "@octokit/graphql": ["@octokit/graphql@9.0.5", "", { "dependencies": { "@octokit/request": "^10.0.16", "@octokit/types": "^18.0.0", "universal-user-agent": "^7.0.0" } }, "sha512-bt/hm03LeU6Vy7FwTrkkC9p3XGT/lBwClglMqxBSe5/q0E5CdJTXeAqEI0vlw89/LF/G6tryTIH8HirZ3prMVg=="],

    "@octokit/openapi-types": ["@octokit/openapi-types@29.0.1", "", {}, "sha512-9qWOMFNxxLokERcms42rU0PTLqQmVs7g5E41TI4mCOxmpFayD1rfC7XxOL55cG9MBZLFlC31BrR37myMKardwg=="],

    "@octokit/request": ["@octokit/request@10.0.16", "", { "dependencies": { "@octokit/endpoint": "^11.0.5", "@octokit/request-error": "^7.1.2", "@octokit/types": "^18.0.0", "content-type": "^3.0.0", "json-with-bigint": "^3.5.12", "universal-user-agent": "^7.0.2" } }, "sha512-A0zWGjHzISIb+9ccG8s0dq7LKO5zVpJLRICjgUb+sJxEWqn8RUHB1rD3AE51+PECvXHIxqZ1VVvs4fHTSD9nUQ=="],

    "@octokit/request-error": ["@octokit/request-error@7.1.2", "", { "dependencies": { "@octokit/types": "^18.0.0" } }, "sha512-XZRuT3xZ84D3gYErI1DZvhJ33dCWVV6uzBtWkaBB4TvA/L6eOeTZodxLFVB44bBEEo3vEx7y00UfX1tBLrtLRg=="],

    "@octokit/types": ["@octokit/types@18.0.0", "", { "dependencies": { "@octokit/openapi-types": "^29.0.1" } }, "sha512-l6bAF43PNxkJp6g+W4PjoUSSkxHomXw2nOum5CTftJz1NlV3vu93NImgOYtLf6CbBUb5j+fiuzW0PPQ5JTSvZA=="],

    "@opencode-ai/plugin": ["@opencode-ai/plugin@1.15.13", "", { "dependencies": { "@opencode-ai/sdk": "1.15.13", "effect": "4.0.0-beta.66", "zod": "4.1.8" }, "peerDependencies": { "@opentui/core": ">=0.2.16", "@opentui/keymap": ">=0.2.16", "@opentui/solid": ">=0.2.16" }, "optionalPeers": ["@opentui/core", "@opentui/keymap", "@opentui/solid"] }, "sha512-NFwZGhmxIPijtfz9swPJXDmhOpq4UWP8WjEE7GEMr7FwtJrK/hv6v36nFimed5+OKk+pQCrTJn/vhRW7Io72IA=="],

    "@opencode-ai/sdk": ["@opencode-ai/sdk@1.15.13", "", { "dependencies": { "cross-spawn": "7.0.6" } }, "sha512-4TwojIoQ8EG6/mVBuUVYZXiFcwNmiiytEnjnvyuvSJjGwFIlw2YIBFxtSVC3FbwwbwHT63teh1RHiQUUC4U5xw=="],

    "@runner-run/android-arm64": ["@runner-run/android-arm64@0.26.1", "", { "os": "android", "cpu": "arm64", "bin": { "run": "bin/run", "runner": "bin/runner" } }, "sha512-uCUnOuADflPKlIY8G9UhHqnmOMRqm1dkGRYGFvq1CugPVo3lmPgkqXzDoiOyIvp6uNrtccjb38GAg6TDeqlsDQ=="],

    "@runner-run/darwin-arm64": ["@runner-run/darwin-arm64@0.26.1", "", { "os": "darwin", "cpu": "arm64", "bin": { "runner": "bin/runner", "run": "bin/run" } }, "sha512-1N8gQlmhervzQ/kJGpAFUB2lC1F3HkUu6xJCDX9YB76xZgzpaAA5AFfhNjPe32+IHFmGSu+dBu+kurSzh3xRRQ=="],

    "@runner-run/darwin-x64": ["@runner-run/darwin-x64@0.26.1", "", { "os": "darwin", "cpu": "x64", "bin": { "run": "bin/run", "runner": "bin/runner" } }, "sha512-ztBDJBa909wAU5PePXrjLHDyrFeaTBwZdb/93qlG3JgcAAPjvxVu3tSCyssv+gLEa4dJ7XDIUWMdUJ2vKLlXig=="],

    "@runner-run/freebsd-arm64": ["@runner-run/freebsd-arm64@0.26.1", "", { "os": "freebsd", "cpu": "arm64", "bin": { "runner": "bin/runner", "run": "bin/run" } }, "sha512-twtX/x/rqHt4PI74iwedOPanTn89YxqUqktLQdFGPWLz1OA/0PNTs4LaJ0fK/Gvd6+lQW4AKkD+lMELUT8VljA=="],

    "@runner-run/freebsd-x64": ["@runner-run/freebsd-x64@0.26.1", "", { "os": "freebsd", "cpu": "x64", "bin": { "runner": "bin/runner", "run": "bin/run" } }, "sha512-FHg7wbykNXVfxIsIEz0V0yB4MjMarxHtiMKIlP+kFhQCobtXMDgthO+BGlpBVt6kKcLAOxfcP3Q3nKnx2DBUWg=="],

    "@runner-run/linux-arm64-gnu": ["@runner-run/linux-arm64-gnu@0.26.1", "", { "os": "linux", "cpu": "arm64", "bin": { "runner": "bin/runner", "run": "bin/run" } }, "sha512-HjQiLA/e1VA38YrDStiYMlIWjWqEWEjnkkfXD4KYwhUYtKOWHgtRwra/4QReNpo3THrXzi8ExKVLyN/AKvAQyg=="],

    "@runner-run/linux-arm64-musl": ["@runner-run/linux-arm64-musl@0.26.1", "", { "os": "linux", "cpu": "arm64", "bin": { "runner": "bin/runner", "run": "bin/run" } }, "sha512-VuOZtDM2JTUqq1cgDerJhEmLgLLNevOmCVN6lmgYccNVPEypXWbCE+Vhq1EZWypUErsYNA8mF4mTEaT7hPKzPg=="],

    "@runner-run/linux-armv7-gnueabihf": ["@runner-run/linux-armv7-gnueabihf@0.26.1", "", { "os": "linux", "cpu": "arm", "bin": { "runner": "bin/runner", "run": "bin/run" } }, "sha512-wdjvB3JArqcQk1TV9gd2j/vX/3jHr2Hm8ik6utHNQmkyYntHi7dI+D+EwapIS8fOTbHw9zTIWvg9WKICytvWlQ=="],

    "@runner-run/linux-x64-gnu": ["@runner-run/linux-x64-gnu@0.26.1", "", { "os": "linux", "cpu": "x64", "bin": { "runner": "bin/runner", "run": "bin/run" } }, "sha512-0Xmhaz5XMEPe+Z36XGUgSoi4v4zjg3/qYkdnUjFzTz8LpSpH/KgKBp7Dh5BV/4xXwePY72Wngxx4/E3HSJplpA=="],

    "@runner-run/linux-x64-musl": ["@runner-run/linux-x64-musl@0.26.1", "", { "os": "linux", "cpu": "x64", "bin": { "run": "bin/run", "runner": "bin/runner" } }, "sha512-QD0c/N/HJm0aPNKKoMuGEgl/4YEudE3BMsw2e0ek8hM4MWkCUf+At1r1npO7S0bmsFp+wpFfJXN0tDF+yxqNww=="],

    "@runner-run/netbsd-x64": ["@runner-run/netbsd-x64@0.26.1", "", { "os": "none", "cpu": "x64", "bin": { "runner": "bin/runner", "run": "bin/run" } }, "sha512-EVyUg4+n2CnUMRinOhht0Jy1NEvPlHauWcjDu5ZJqxES9xppdorTLsVefBD5tpDV8OGn5+jTRlW4SjcDKIVTPA=="],

    "@runner-run/win32-arm64-msvc": ["@runner-run/win32-arm64-msvc@0.26.1", "", { "os": "win32", "cpu": "arm64", "bin": { "runner": "bin/runner.exe", "run": "bin/run.exe" } }, "sha512-3Dd3/GjbX7gZa8YfpIgJrHsklshQHnmgnhLuvqOBFuD51UYz5YsholLZY3j+LK87Y3/dodBKuCBIDySAR6cj0Q=="],

    "@runner-run/win32-ia32-msvc": ["@runner-run/win32-ia32-msvc@0.26.1", "", { "os": "win32", "cpu": "ia32", "bin": { "runner": "bin/runner.exe", "run": "bin/run.exe" } }, "sha512-VKNDqAgUj6z3j38tsHrLNhDepQaIJTCLywizr0V40QBJ6uVBloRFGuppNS3byap3sPKjPSZvY1SVVfahs5VhEA=="],

    "@runner-run/win32-x64-msvc": ["@runner-run/win32-x64-msvc@0.26.1", "", { "os": "win32", "cpu": "x64", "bin": { "runner": "bin/runner.exe", "run": "bin/run.exe" } }, "sha512-Br4yM2nWdpgOiOELR8SvHmxAzllXZmHiRd9P4rbv5Xu4ytdfcq7+OBVThfW+sdPn4BRP6ShhoRzKjU6KFlS/jw=="],

    "@standard-schema/spec": ["@standard-schema/spec@1.1.0", "", {}, "sha512-l2aFy5jALhniG5HgqrD6jXLi/rUWrKvqN/qJx6yoJsgKhblVd+iqqU4RCXavm/jPityDo5TCvKMnpjKnOriy0w=="],

    "@tombi-toml/cli-darwin-arm64": ["@tombi-toml/cli-darwin-arm64@1.5.2", "", { "os": "darwin", "cpu": "arm64" }, "sha512-ytz9kn4vvVnZNtGX4BWn/kk0LKYlNWUVaq1EDNqZkIxIkrpVamKLdPwQcNTk1U4iOrL9UOtX/cKJ65MXdA839g=="],

    "@tombi-toml/cli-darwin-x64": ["@tombi-toml/cli-darwin-x64@1.5.2", "", { "os": "darwin", "cpu": "x64" }, "sha512-vxfC9nA7vPQoB2qTQFbcTYfraAb5Ely6TF2b8JUInm1MGS4CZBPapssQFlfscczknhAgwm+xI9SDsf/2ODlYyA=="],

    "@tombi-toml/cli-linux-arm64": ["@tombi-toml/cli-linux-arm64@1.5.2", "", { "os": "linux", "cpu": "arm64" }, "sha512-E2PH6DTTnmk3e5fFUg+0B/GJrpfaIya1MbBxfNzg/89y5kvUOePoiaTXhS9gGZWdfoMGt93MAY6L7/YhbSZrAA=="],

    "@tombi-toml/cli-linux-arm64-musl": ["@tombi-toml/cli-linux-arm64-musl@1.5.2", "", { "os": "linux", "cpu": "arm64" }, "sha512-C+F3r3Bcmmgr32Fns6bYRWJTYhSHfD13zGdpCemVo0zGbQC/3bmkOe+3Bv6rQkrf6LNbWxEp1yJSoscbmB9umA=="],

    "@tombi-toml/cli-linux-x64": ["@tombi-toml/cli-linux-x64@1.5.2", "", { "os": "linux", "cpu": "x64" }, "sha512-9t2OiI0r3LknEXRsqkucCSbWrBwqn261g6aa74UEEft/j4foTHZw4edwR2dGBJcleJSZsenpr8GQ/0N2ygq3Jw=="],

    "@tombi-toml/cli-linux-x64-musl": ["@tombi-toml/cli-linux-x64-musl@1.5.2", "", { "os": "linux", "cpu": "x64" }, "sha512-YwAYyw5Fo2AjMVE0wIthZriFU+nvtD5pYemOZLxHephVuapL2piEOPBMaD2DJLxKkbxJEjnm0HTUqec+8RK6Cg=="],

    "@tombi-toml/cli-sunos-x64": ["@tombi-toml/cli-sunos-x64@1.5.2", "", { "os": "sunos", "cpu": "x64" }, "sha512-n/tIYWNJzduQKHIt5YTh5B6q1goNrN8NnvkQtwEVThPpGsr5oUhv9ImTV2U0DynCAuxw/u/p3/3s1p8oN2iNJw=="],

    "@tombi-toml/cli-win32-arm64": ["@tombi-toml/cli-win32-arm64@1.5.2", "", { "os": "win32", "cpu": "arm64" }, "sha512-XBWo03vFq4L0z6zv0LFtmwzZ1yETohC5mYIM8WzuCc6STQpHtE+3QNgUeEV85WS2cx88wkAoOrAz1LiXUuP6pQ=="],

    "@tombi-toml/cli-win32-x64": ["@tombi-toml/cli-win32-x64@1.5.2", "", { "os": "win32", "cpu": "x64" }, "sha512-MibxHNSivBqHEwBX3RQgBA01US8pAsEK5njYViAd+NdTiiBSIwybWaMeOd5Hq6RJEcTz7pKNbcHNe4fGv7SnrQ=="],

    "@types/bun": ["@types/bun@1.4.2", "", { "dependencies": { "bun-types": "1.4.2" } }, "sha512-GimotNn7+ZV0uVArItBbriZsR1oNf0+WTzPkdcFrzShI7k2norL0uzEaJT8T33dWr7O/c9ZDuAFQrctKCi72oQ=="],

    "@types/node": ["@types/node@26.5.0", "", { "dependencies": { "undici-types": "~8.9.0" } }, "sha512-dVSGpriSoCgz8WnDNTuSSuSv1PC/ALXihO4ulRZt7Md8k9mlbdin3lGOcDE8SnWOgf513ByWlXd7BK4azmyg/A=="],

    "@typescript/typescript-aix-ppc64": ["@typescript/typescript-aix-ppc64@7.0.2", "", { "os": "aix", "cpu": "ppc64" }, "sha512-MTKKkWB7p/0E9xi1d1tHtZ5PiLkGEMIq88pK2CubZjOsLtYTLqhgIgi6zepFa+9GHZ6h05NMCkQxGKiPXMxXtQ=="],

    "@typescript/typescript-darwin-arm64": ["@typescript/typescript-darwin-arm64@7.0.2", "", { "os": "darwin", "cpu": "arm64" }, "sha512-gowzar9MwS/aRWp6f3a4KUqzRjAZjOsmGNCM6LcTgXum+dBfgsBVMN+AgvOCCbguXyick6LJhpBszxMebJ8syA=="],

    "@typescript/typescript-darwin-x64": ["@typescript/typescript-darwin-x64@7.0.2", "", { "os": "darwin", "cpu": "x64" }, "sha512-SZ9xZInqApNlNGc9s0W1VSsktYSOe9cFqNOIqmN1Gs8SmkjKZYFt017G4VwPxASInODuAdbTW7sXiFUf893RgA=="],

    "@typescript/typescript-freebsd-arm64": ["@typescript/typescript-freebsd-arm64@7.0.2", "", { "os": "freebsd", "cpu": "arm64" }, "sha512-W5NH4y/J0plIIS5b2xvTEkU7JFxyqdMAOgf+Ilhl0vHQXKO5dZoxd+C/jEtq56c4F3wk71RB4BMRQ2XdI+bwYQ=="],

    "@typescript/typescript-freebsd-x64": ["@typescript/typescript-freebsd-x64@7.0.2", "", { "os": "freebsd", "cpu": "x64" }, "sha512-UMGDx5sTpzNw3WiPebH7l90IWfJggEd+egHt/q6p7/Cm3zqoV7VxkGXt+3DxPIw8CcmvAB0j3sVVfbhX+M4Tpw=="],

    "@typescript/typescript-linux-arm": ["@typescript/typescript-linux-arm@7.0.2", "", { "os": "linux", "cpu": "arm" }, "sha512-gffT3xPz9sR7j/YJExkyPntrI0P2EP9XbOyWzth2/Gs0RstK+90RBcO0ncXoXy/beYll1SXw846Nf2zdnEz0QQ=="],

    "@typescript/typescript-linux-arm64": ["@typescript/typescript-linux-arm64@7.0.2", "", { "os": "linux", "cpu": "arm64" }, "sha512-Qh4eU4/y3yDjnfjjyPYihMj5/ODIlmt+Bzu17OI+fiSRDW57QmU5SiN63exPRNJPKUzcc1INa1NXdrJ+MqHjUQ=="],

    "@typescript/typescript-linux-loong64": ["@typescript/typescript-linux-loong64@7.0.2", "", { "os": "linux", "cpu": "none" }, "sha512-uEHck9i8hoAzXPiYRib1O7miOnz23SxIeVl6F4LXox+qov1K35jHcEW6VHKvZI+pyvl7fZEP4MCU5LYvIq1GuQ=="],

    "@typescript/typescript-linux-mips64el": ["@typescript/typescript-linux-mips64el@7.0.2", "", { "os": "linux", "cpu": "none" }, "sha512-R4KvAMnE43W5Qeqb0Ly56O3mWMWIAgsMyz36DCaycd5nbg/9kzm0liw3JocfRqyJY0KPmzFjbswozXyW0DnIYA=="],

    "@typescript/typescript-linux-ppc64": ["@typescript/typescript-linux-ppc64@7.0.2", "", { "os": "linux", "cpu": "ppc64" }, "sha512-DORx5b3sd/4S7eayxm4FQv+A7CrkUIGRaHiwI8oiHTAI1fAPWhF4J0vAlkC8biAlHSVVwxMQ3tjZ2/DVbnQiiA=="],

    "@typescript/typescript-linux-riscv64": ["@typescript/typescript-linux-riscv64@7.0.2", "", { "os": "linux", "cpu": "none" }, "sha512-wf0jqEDOjrPRnKwYRyyJDRo11KMbvMFrU+q4zqKyChODBzvlkbhNQfKvLxQCcwTpdDaXSHZTVuh0JoCrKCUMHQ=="],

    "@typescript/typescript-linux-s390x": ["@typescript/typescript-linux-s390x@7.0.2", "", { "os": "linux", "cpu": "s390x" }, "sha512-IkwJc3L7yhytWd/ewjyxNDfOmswCm9GWMJT/ue/dU4aZNbwZeYAetq42VyLmsmSjvoX7z74X6ZaYCtzAr0EuGw=="],

    "@typescript/typescript-linux-x64": ["@typescript/typescript-linux-x64@7.0.2", "", { "os": "linux", "cpu": "x64" }, "sha512-EYdf2cNg7rgCWJnxCdJ+F3V39O8ihb37eHAu1LK8oAFizgTQbPOK7zHHXbPt8rX24COqODXeI3sIf0fCXG7H/A=="],

    "@typescript/typescript-netbsd-arm64": ["@typescript/typescript-netbsd-arm64@7.0.2", "", { "os": "none", "cpu": "arm64" }, "sha512-+polYF4MF04aPpO5FTkHran9yUQDSXqy5GiSDKpsll5jy3l3+g9QLhpf39T+ePtefhXLOGrLl0QIjkQP6VnelA=="],

    "@typescript/typescript-netbsd-x64": ["@typescript/typescript-netbsd-x64@7.0.2", "", { "os": "none", "cpu": "x64" }, "sha512-8YIT0EHM/3dq10ZOVF/A7pc/YSMtbcecct4rWtexrnSCHOPcpC2KTLXfTCR6vDpnSiY12heNb1GiN/wu+T/FyA=="],

    "@typescript/typescript-openbsd-arm64": ["@typescript/typescript-openbsd-arm64@7.0.2", "", { "os": "openbsd", "cpu": "arm64" }, "sha512-APT8+ClYnuYm1u9+kgGXoMj2VzWzcymwh2gNSQVySHfkRDGOTVkoWLjCmOQSaO+PoqQ57B0flRp9SA+7GnnkzQ=="],

    "@typescript/typescript-openbsd-x64": ["@typescript/typescript-openbsd-x64@7.0.2", "", { "os": "openbsd", "cpu": "x64" }, "sha512-yX7s+Q0Dln0Dt9tEzZsAjXXR/+ytBM7AlglaqyeMPxQszJ1JhlJdZ6jLA+IzldHtflX81em7lDao1xXu+aRRkg=="],

    "@typescript/typescript-sunos-x64": ["@typescript/typescript-sunos-x64@7.0.2", "", { "os": "sunos", "cpu": "x64" }, "sha512-dLJDGaLZ1D4HPQn62u1n8mBDkJREwMsAkCdkwd4Ieqw+x3TUyTsqY0YiBCtE6H6OzzgGk3iuZ3vFWRS+E8/d1g=="],

    "@typescript/typescript-win32-arm64": ["@typescript/typescript-win32-arm64@7.0.2", "", { "os": "win32", "cpu": "arm64" }, "sha512-Gyl1Vy6OsWesLzmq+EP0Fb7b4Nid5232AvcA2SFcdYreldpNtYFFofPjnt62y9hQy7VTaZp65ICJjuAQRaVcIQ=="],

    "@typescript/typescript-win32-x64": ["@typescript/typescript-win32-x64@7.0.2", "", { "os": "win32", "cpu": "x64" }, "sha512-0BQ3HkAHHlKLSp1qRvf3SUhGpGsDuhB/jgFw75guyqbxJqEaS0Cw/VFO8i2nHglJUzQCRtMMR/IBAKE3ETMC4g=="],

    "abbrev": ["abbrev@5.0.0", "", {}, "sha512-/XrFJgzQQQHpti1raDJC6m4ws6aNktmjBlhk8Fdlk7LwCEuDoieEJJY9OFHjfiFJFFRM2tK+Ky/IsfbbmlMu1w=="],

    "ansispeck": ["ansispeck@0.4.2", "", {}, "sha512-ZIIS0aQgc1HyhgK3Rru5SgL162D8jpRd39BH84eWDYmyT7eUuMj0Mx5OrKplp1dZJxZ/eQQNuYzkoX9OFnoYtA=="],

    "bun-types": ["bun-types@1.4.2", "", { "dependencies": { "@types/node": "*" } }, "sha512-bxV1FgK7yBIzjRe5zBozIM4Bem11ZJcCXSrjWRG3YWLt8yFDePu4cLjpebO8OvPeIE9trbyPF4fuj3Cia4Fj3w=="],

    "chownr": ["chownr@3.0.0", "", {}, "sha512-+IxzY9BZOQd/XuYPRmrvEVjF/nqj5kgT4kEq7VofrDoM1MxoRjEWkrCC3EtLi59TVawxTAn+orJwFQcrqEN1+g=="],

    "content-type": ["content-type@3.0.0", "", {}, "sha512-AIi5H6p0xk5uknXcN3/rmhP8jgp69OfSe/JuKiQAFprJ7UGw7mwj7m4XcmDzlrnJDG+cGpphAINGdU3g3g7kDw=="],

    "cross-spawn": ["cross-spawn@7.0.6", "", { "dependencies": { "path-key": "^3.1.0", "shebang-command": "^2.0.0", "which": "^2.0.1" } }, "sha512-uV2QOWP2nWzsy2aMp8aRibhi9dlzF5Hgh5SHaB9OiTGEyDTiJJyx0uy51QXdyWbtAHNua4XJzUKca3OzKUd3vA=="],

    "detect-libc": ["detect-libc@2.1.2", "", {}, "sha512-Btj2BOOO83o3WyH59e8MgXsxEQVcarkUOpEYrubB0urwnN10yQ364rsiByU11nZlqWYZm05i/of7io4mzihBtQ=="],

    "dprint": ["dprint@0.57.4", "", { "optionalDependencies": { "@dprint/android-arm64": "0.57.4", "@dprint/android-x64": "0.57.4", "@dprint/darwin-arm64": "0.57.4", "@dprint/darwin-x64": "0.57.4", "@dprint/linux-arm64-glibc": "0.57.4", "@dprint/linux-arm64-musl": "0.57.4", "@dprint/linux-loong64-glibc": "0.57.4", "@dprint/linux-loong64-musl": "0.57.4", "@dprint/linux-ppc64-glibc": "0.57.4", "@dprint/linux-ppc64-musl": "0.57.4", "@dprint/linux-riscv64-glibc": "0.57.4", "@dprint/linux-x64-glibc": "0.57.4", "@dprint/linux-x64-musl": "0.57.4", "@dprint/win32-arm64": "0.57.4", "@dprint/win32-x64": "0.57.4" }, "bin": { "dprint": "bin.cjs" } }, "sha512-iiorgfJrrV7DDf7S9AB/d5ZB59Jn5idMDQoU7o6H9m6AvGVaLAPrGTAslmTwykkft9CYbWzqUrKjmKT80KWmAA=="],

    "effect": ["effect@4.0.0-beta.66", "", { "dependencies": { "@standard-schema/spec": "^1.1.0", "fast-check": "^4.6.0", "find-my-way-ts": "^0.1.6", "ini": "^6.0.0", "kubernetes-types": "^1.30.0", "msgpackr": "^1.11.9", "multipasta": "^0.2.7", "toml": "^4.1.1", "uuid": "^13.0.0", "yaml": "^2.8.3" } }, "sha512-4arEr62cziFa8BBVDUwJCJJmaVepXf/kRg7KtC0h8+bufngscrHbwWFhr9c+HonwOF+31U3iD3xUJmw9KzX7Dw=="],

    "env-paths": ["env-paths@2.2.1", "", {}, "sha512-+h1lkLKhZMTYjog1VEpJNG7NZJWcuc2DDk/qsqSTRRCOXiLjeQ1d1/udrUGhqMxUgAlwKNZ0cf2uqan5GLuS2A=="],

    "exponential-backoff": ["exponential-backoff@3.1.3", "", {}, "sha512-ZgEeZXj30q+I0EN+CbSSpIyPaJ5HVQD18Z1m+u1FXbAeT94mr1zw50q4q6jiiC447Nl/YTcIYSAftiGqetwXCA=="],

    "fast-check": ["fast-check@4.8.0", "", { "dependencies": { "pure-rand": "^8.0.0" } }, "sha512-GOJ158CUMnN6cSahsv4+ExARvIDuzzinFjkp0E9WtiBa5zcVeLozVkWaE4IzFcc+Y48Wp1EDlUZsXRyAztQcSg=="],

    "fdir": ["fdir@6.5.0", "", { "peerDependencies": { "picomatch": "^3 || ^4" }, "optionalPeers": ["picomatch"] }, "sha512-tIbYtZbucOs0BRGqPJkshJUYdL+SDH7dVM8gjy+ERp3WAUjLEFJE+02kanyHtwjWOnwrKYBiwAmM0p4kLJAnXg=="],

    "find-my-way-ts": ["find-my-way-ts@0.1.6", "", {}, "sha512-a85L9ZoXtNAey3Y6Z+eBWW658kO/MwR7zIafkIUPUMf3isZG0NCs2pjW2wtjxAKuJPxMAsHUIP4ZPGv0o5gyTA=="],

    "graceful-fs": ["graceful-fs@4.2.11", "", {}, "sha512-RbJ5/jmFcNNCcDV5o9eTnBLJ/HszWV0P73bc+Ff4nS/rJj+YaS6IGyiOL0VoBYX+l1Wrl3k63h/KrH+nhJ0XvQ=="],

    "ini": ["ini@6.0.0", "", {}, "sha512-IBTdIkzZNOpqm7q3dRqJvMaldXjDHWkEDfrwGEQTs5eaQMWV+djAhR+wahyNNMAa+qpbDUhBMVt4ZKNwpPm7xQ=="],

    "isexe": ["isexe@4.0.0", "", {}, "sha512-FFUtZMpoZ8RqHS3XeXEmHWLA4thH+ZxCv2lOiPIn1Xc7CxrqhWzNSDzD+/chS/zbYezmiwWLdQC09JdQKmthOw=="],

    "json-with-bigint": ["json-with-bigint@3.5.12", "", {}, "sha512-uwbF/wSSuOgC7qqlq27Xp5B6a2MHVug3t0idZdTqu0JnlFvgJuH7ju+KAk/J06C7GfhoYy2gnb9wz2INqcne7w=="],

    "kubernetes-types": ["kubernetes-types@1.30.0", "", {}, "sha512-Dew1okvhM/SQcIa2rcgujNndZwU8VnSapDgdxlYoB84ZlpAD43U6KLAFqYo17ykSFGHNPrg0qry0bP+GJd9v7Q=="],

    "minipass": ["minipass@7.1.3", "", {}, "sha512-tEBHqDnIoM/1rXME1zgka9g6Q2lcoCkxHLuc7ODJ5BxbP5d4c2Z5cGgtXAku59200Cx7diuHTOYfSBD8n6mm8A=="],

    "minizlib": ["minizlib@3.1.0", "", { "dependencies": { "minipass": "^7.1.2" } }, "sha512-KZxYo1BUkWD2TVFLr0MQoM8vUUigWD3LlD83a/75BqC+4qE0Hb1Vo5v1FgcfaNXvfXzr+5EhQ6ing/CaBijTlw=="],

    "msgpackr": ["msgpackr@1.11.12", "", { "optionalDependencies": { "msgpackr-extract": "^3.0.2" } }, "sha512-RBdJ1Un7yGlXWajrkxcSa93nvQ0w4zBf60c0yYv7YtBelP8H2FA7XsfBbMHtXKXUMUxH7zV3Zuozh+kUQWhHvg=="],

    "msgpackr-extract": ["msgpackr-extract@3.0.4", "", { "dependencies": { "node-gyp-build-optional-packages": "5.2.2" }, "optionalDependencies": { "@msgpackr-extract/msgpackr-extract-darwin-arm64": "3.0.4", "@msgpackr-extract/msgpackr-extract-darwin-x64": "3.0.4", "@msgpackr-extract/msgpackr-extract-linux-arm": "3.0.4", "@msgpackr-extract/msgpackr-extract-linux-arm64": "3.0.4", "@msgpackr-extract/msgpackr-extract-linux-x64": "3.0.4", "@msgpackr-extract/msgpackr-extract-win32-x64": "3.0.4" }, "bin": { "download-msgpackr-prebuilds": "bin/download-prebuilds.js" } }, "sha512-4kmO/MdyUIkLIvTPr8VHLil4AtoKIoniWPIEk5+CDy0xnWC84azhSFmuJ7PxZdsYtiP5kEeQsORAVIeMgxT+Hw=="],

    "multipasta": ["multipasta@0.2.7", "", {}, "sha512-KPA58d68KgGil15oDqXjkUBEBYc00XvbPj5/X+dyzeo/lWm9Nc25pQRlf1D+gv4OpK7NM0J1odrbu9JNNGvynA=="],

    "node-addon-api": ["node-addon-api@8.7.0", "", {}, "sha512-9MdFxmkKaOYVTV+XVRG8ArDwwQ77XIgIPyKASB1k3JPq3M8fGQQQE3YpMOrKm6g//Ktx8ivZr8xo1Qmtqub+GA=="],

    "node-gyp": ["node-gyp@13.0.0", "", { "dependencies": { "env-paths": "^2.2.0", "exponential-backoff": "^3.1.1", "graceful-fs": "^4.2.6", "nopt": "^10.0.0", "proc-log": "^7.0.0", "semver": "^7.3.5", "tar": "^7.5.4", "tinyglobby": "^0.2.12", "undici": "^6.25.0", "which": "^7.0.0" }, "bin": { "node-gyp": "bin/node-gyp.js" } }, "sha512-FYYyBDWdc+kzoyPd5PqHUgM9DGs1C/Z4jxBZAOnA2GRUVXPivKRREq5q+VVPXVr9aGVqGMaMqyFHbviy/yb7Hg=="],

    "node-gyp-build": ["node-gyp-build@4.8.4", "", { "bin": { "node-gyp-build": "bin.js", "node-gyp-build-optional": "optional.js", "node-gyp-build-test": "build-test.js" } }, "sha512-LA4ZjwlnUblHVgq0oBF3Jl/6h/Nvs5fzBLwdEF4nuxnFdsfajde4WfxtJr3CaiH+F6ewcIB/q4jQ4UzPyid+CQ=="],

    "node-gyp-build-optional-packages": ["node-gyp-build-optional-packages@5.2.2", "", { "dependencies": { "detect-libc": "^2.0.1" }, "bin": { "node-gyp-build-optional-packages": "bin.js", "node-gyp-build-optional-packages-optional": "optional.js", "node-gyp-build-optional-packages-test": "build-test.js" } }, "sha512-s+w+rBWnpTMwSFbaE0UXsRlg7hU4FjekKU4eyAih5T8nJuNZT1nNsskXpxmeqSK9UzkBl6UgRlnKc8hz8IEqOw=="],

    "nopt": ["nopt@10.0.1", "", { "dependencies": { "abbrev": "^5.0.0" }, "bin": { "nopt": "bin/nopt.js" } }, "sha512-df3sBr/6ax9hSGuC3CspvLlbnX8cP5L5nZwXF8cGN8l0zSWR6BvzmQ6jPUKjvo6+/xdpkNvEcucBNUdBeeV13g=="],

    "opencode": ["opencode@workspace:.opencode"],

    "path-key": ["path-key@3.1.1", "", {}, "sha512-ojmeN0qd+y0jszEtoY48r0Peq5dwMEkIlCOu6Q5f41lfkswXuKtYrhgoTpLnyIcHm24Uhqx+5Tqm2InSwLhE6Q=="],

    "picomatch": ["picomatch@4.0.4", "", {}, "sha512-QP88BAKvMam/3NxH6vj2o21R6MjxZUAd6nlwAS/pnGvN9IVLocLHxGYIzFhg6fUQ+5th6P4dv4eW9jX3DSIj7A=="],

    "proc-log": ["proc-log@7.0.0", "", {}, "sha512-FYgfaA69XZ93zaXLoMNQ+ViDXGGBgR8aLh03txzcFhV+9xOXx7+8DLCULrKKpR9+GsH9ZfHm82aSUPpozX0Ztg=="],

    "pure-rand": ["pure-rand@8.4.0", "", {}, "sha512-IoM8YF/jY0hiugFo/wOWqfmarlE6J0wc6fDK1PhftMk7MGhVZl88sZimmqBBFomLOCSmcCCpsfj7wXASCpvK9A=="],

    "runner-run": ["runner-run@0.26.1", "", { "dependencies": { "ansispeck": "^0.4.1" }, "optionalDependencies": { "@runner-run/android-arm64": "0.26.1", "@runner-run/darwin-arm64": "0.26.1", "@runner-run/darwin-x64": "0.26.1", "@runner-run/freebsd-arm64": "0.26.1", "@runner-run/freebsd-x64": "0.26.1", "@runner-run/linux-arm64-gnu": "0.26.1", "@runner-run/linux-arm64-musl": "0.26.1", "@runner-run/linux-armv7-gnueabihf": "0.26.1", "@runner-run/linux-x64-gnu": "0.26.1", "@runner-run/linux-x64-musl": "0.26.1", "@runner-run/netbsd-x64": "0.26.1", "@runner-run/win32-arm64-msvc": "0.26.1", "@runner-run/win32-ia32-msvc": "0.26.1", "@runner-run/win32-x64-msvc": "0.26.1" }, "bin": { "run": "bin/run.cjs", "runner": "bin/runner.cjs", "runner-run": "bin/runner.cjs" } }, "sha512-KkJUKJhzMC13ff/93akEe6H8d0SejTR2trU+8S/R9dDSvln2F03xaNjDssXJyXUMmUD6oFNy/M0KgSuVSZGVJw=="],

    "semver": ["semver@7.8.4", "", { "bin": { "semver": "bin/semver.js" } }, "sha512-rUCObTnP32Q08R2uuIrt7r9PlEonuTmtuXYcW6s5kjdlj3xbnwe+21yXptAUYcMAABLkYYTtnmzb3w3EDZfueA=="],

    "shebang-command": ["shebang-command@2.0.0", "", { "dependencies": { "shebang-regex": "^3.0.0" } }, "sha512-kHxr2zZpYtdmrN1qDjrrX/Z1rR1kG8Dx+gkpK1G4eXmvXswmcE1hTWBWYUzlraYw1/yZp6YuDY77YtvbN0dmDA=="],

    "shebang-regex": ["shebang-regex@3.0.0", "", {}, "sha512-7++dFhtcx3353uBaq8DDR4NuxBetBzC7ZQOhmTQInHEd6bSrXdiEyzCvG07Z44UYdLShWUyXt5M/yhz8ekcb1A=="],

    "tar": ["tar@7.5.16", "", { "dependencies": { "@isaacs/fs-minipass": "^4.0.0", "chownr": "^3.0.0", "minipass": "^7.1.2", "minizlib": "^3.1.0", "yallist": "^5.0.0" } }, "sha512-56adEpPMouktRlBLXiaYFFzZ/3+JXa8P9n7WbR+ibIjtviN55mEaOkiysCnPnWm+7kkui1Dn8J9l+g6zV8731w=="],

    "tinyglobby": ["tinyglobby@0.2.17", "", { "dependencies": { "fdir": "^6.5.0", "picomatch": "^4.0.4" } }, "sha512-wXR/dYpcqKmfWpEdZjiKJOwCNFndD0DMnrW/cYjVGttEkBfVgcLFHoNrlj47mjOVic9yyNu65alsgF4NQyTa2g=="],

    "tombi": ["tombi@1.5.2", "", { "optionalDependencies": { "@tombi-toml/cli-darwin-arm64": "1.5.2", "@tombi-toml/cli-darwin-x64": "1.5.2", "@tombi-toml/cli-linux-arm64": "1.5.2", "@tombi-toml/cli-linux-arm64-musl": "1.5.2", "@tombi-toml/cli-linux-x64": "1.5.2", "@tombi-toml/cli-linux-x64-musl": "1.5.2", "@tombi-toml/cli-sunos-x64": "1.5.2", "@tombi-toml/cli-win32-arm64": "1.5.2", "@tombi-toml/cli-win32-x64": "1.5.2" }, "bin": { "tombi": "bin/tombi" } }, "sha512-R5qNbrixcz4NgXnaRhPjbCHfmxoYamIX0YWRjHth9986fQA3l9V7mCvQZ1OyzqPgOQfSDIRu0Y6u2EFy67MArg=="],

    "toml": ["toml@4.1.1", "", {}, "sha512-EBJnVBr3dTXdA89WVFoAIPUqkBjxPMwRqsfuo1r240tKFHXv3zgca4+NJib/h6TyvGF7vOawz0jGuryJCdNHrw=="],

    "tree-sitter": ["tree-sitter@0.25.1", "", { "dependencies": { "node-addon-api": "^8.5.0", "node-gyp-build": "^4.8.4" } }, "sha512-mrcEdkYtHfrK1A6fs3O6FxkBo0Qig5XUXqHhxUOQu0bmPo00QF4XaSx4edpazdHwxnSCjlGKGgIqWdaN4dvTLA=="],

    "tree-sitter-cli": ["tree-sitter-cli@0.27.0", "", { "bin": { "tree-sitter": "cli.js" } }, "sha512-E42kR0og1mFlZBxPj7K4fBXCTjxPTGe19U9RXGWNq0FQKzXOxIp8bhCYFMKhddiVZUsJwW35MYGU9Q1oVYtpbA=="],

    "tree-sitter-mosaic": ["tree-sitter-mosaic@workspace:crates/tree-sitter-mosaic"],

    "typescript": ["typescript@7.0.2", "", { "optionalDependencies": { "@typescript/typescript-aix-ppc64": "7.0.2", "@typescript/typescript-darwin-arm64": "7.0.2", "@typescript/typescript-darwin-x64": "7.0.2", "@typescript/typescript-freebsd-arm64": "7.0.2", "@typescript/typescript-freebsd-x64": "7.0.2", "@typescript/typescript-linux-arm": "7.0.2", "@typescript/typescript-linux-arm64": "7.0.2", "@typescript/typescript-linux-loong64": "7.0.2", "@typescript/typescript-linux-mips64el": "7.0.2", "@typescript/typescript-linux-ppc64": "7.0.2", "@typescript/typescript-linux-riscv64": "7.0.2", "@typescript/typescript-linux-s390x": "7.0.2", "@typescript/typescript-linux-x64": "7.0.2", "@typescript/typescript-netbsd-arm64": "7.0.2", "@typescript/typescript-netbsd-x64": "7.0.2", "@typescript/typescript-openbsd-arm64": "7.0.2", "@typescript/typescript-openbsd-x64": "7.0.2", "@typescript/typescript-sunos-x64": "7.0.2", "@typescript/typescript-win32-arm64": "7.0.2", "@typescript/typescript-win32-x64": "7.0.2" }, "bin": { "tsc": "bin/tsc" } }, "sha512-8FYau96o3NKOhbjKi/qNvG/W5jhzxkbdm5sj9AbZ/5T5sWqn3hJgLfGx27sRKZWTvyzCP8dLRBTf5tBTSRVUNA=="],

    "undici": ["undici@6.27.0", "", {}, "sha512-YmfV3YnEDzXRC5lZ2jWtWWHKGUm1zIt8AhesR1tens+HTNv+YZlN/dp6G727LOvMJ8xjP9Be7Y2Sdr96LDm+pg=="],

    "undici-types": ["undici-types@8.9.0", "", {}, "sha512-KTDyRTYX8sWmKXAikPHHSyc63CRPETMctyjKFupcC6OBLXT3xsN0e9aF7m+mIXutFWpUXuedtowG7iLOzp0kQg=="],

    "universal-user-agent": ["universal-user-agent@7.0.3", "", {}, "sha512-TmnEAEAsBJVZM/AADELsK76llnwcf9vMKuPz8JflO1frO8Lchitr0fNaN9d+Ap0BjKtqWqd/J17qeDnXh8CL2A=="],

    "uuid": ["uuid@13.0.2", "", { "bin": { "uuid": "dist-node/bin/uuid" } }, "sha512-vzi9uRZ926x4XV73S/4qQaTwPXM2JBj6/6lI/byHH1jOpCzb0zDbfytgA9LcN/hzb2l7WQSQnxITOVx5un/wGw=="],

    "which": ["which@7.0.0", "", { "dependencies": { "isexe": "^4.0.0" }, "bin": { "node-which": "bin/which.js" } }, "sha512-RancgH2dmbLdHl6LRhEqvklWMgl/Hdnun0Y90KhBOLkMefg8Qa7/Zel8Sm+8HEcP6DEjzsWzpkuBQEZok58isA=="],

    "yallist": ["yallist@5.0.0", "", {}, "sha512-YgvUTfwqyc7UXVMrB+SImsVYSmTS8X/tSrtdNZMImM+n7+QTriRXyXim0mBrTXNeqzVF0KWGgHPeiyViFFrNDw=="],

    "yaml": ["yaml@2.9.0", "", { "bin": { "yaml": "bin.mjs" } }, "sha512-2AvhNX3mb8zd6Zy7INTtSpl1F15HW6Wnqj0srWlkKLcpYl/gMIMJiyuGq2KeI2YFxUPjdlB+3Lc10seMLtL4cA=="],

    "zod": ["zod@4.1.8", "", {}, "sha512-5R1P+WwQqmmMIEACyzSvo4JXHY5WiAFHRMg+zBZKgKS+Q1viRa0C1hmUKtHltoIFKtIdki3pRxkmpP74jnNYHQ=="],

    "cross-spawn/which": ["which@2.0.2", "", { "dependencies": { "isexe": "^2.0.0" }, "bin": { "node-which": "./bin/node-which" } }, "sha512-BLI3Tl1TW3Pvl70l3yq3Y64i+awpwXqsGBYWkkqMtnbXgrMD+yj7rhW0kuEDxzJaYXGjEW5ogapKNMEKNMjibA=="],

    "cross-spawn/which/isexe": ["isexe@2.0.0", "", {}, "sha512-RHxMLp9lnKHGHRng9QFhRCMbYAcVpn69smSGcq3f36xjgVVWThj4qqLbTLlq7Ssj8B+fIQ1EuCEGI2lKsyQeIw=="],
  }
}
